Microsoft Visual Studio Solution File, Format Version 12.00
# Visual Studio Version 17
VisualStudioVersion = 17.5.2.0
MinimumVisualStudioVersion = 10.0.40219.1
Project("{FAE04EC0-301F-11D3-BF4B-00C04F79EFBC}") = "BookStreamApi", "BookStreamApi\BookStreamApi.csproj", "{B8891372-6798-9898-115C-67553EAD932A}"
EndProject
Global
	GlobalSection(SolutionConfigurationPlatforms) = preSolution
		Debug|Any CPU = Debug|Any CPU
		Release|Any CPU = Release|Any CPU
	EndGlobalSection
	GlobalSection(ProjectConfigurationPlatforms) = postSolution
		{B8891372-6798-9898-115C-67553EAD932A}.Debug|Any CPU.ActiveCfg = Debug|Any CPU
		{B8891372-6798-9898-115C-67553EAD932A}.Debug|Any CPU.Build.0 = Debug|Any CPU
		{B8891372-6798-9898-115C-67553EAD932A}.Release|Any CPU.ActiveCfg = Release|Any CPU
		{B8891372-6798-9898-115C-67553EAD932A}.Release|Any CPU.Build.0 = Release|Any CPU
	EndGlobalSection
	GlobalSection(SolutionProperties) = preSolution
		HideSolutionNode = FALSE
	EndGlobalSection
	GlobalSection(ExtensibilityGlobals) = postSolution
		SolutionGuid = {8EA1BD3D-8107-4ECD-BE9D-E5631ECA7774}
	EndGlobalSection
EndGlobal
